
Microsoft Visual Studio Solution File, Format Version 12.00
# Visual Studio 15
VisualStudioVersion = 15.0.27004.2008
MinimumVisualStudioVersion = 10.0.40219.1
Project("{FAE04EC0-301F-11D3-BF4B-00C04F79EFBC}") = "ThomsonConsole", "ThomsonConsole\ThomsonConsole.csproj", "{676261E7-911A-4DC7-89D4-86B758684EE0}"
EndProject
Global
	GlobalSection(SolutionConfigurationPlatforms) = preSolution
		Debug|Any CPU = Debug|Any CPU
		Release|Any CPU = Release|Any CPU
	EndGlobalSection
	GlobalSection(ProjectConfigurationPlatforms) = postSolution
		{676261E7-911A-4DC7-89D4-86B758684EE0}.Debug|Any CPU.ActiveCfg = Debug|Any CPU
		{676261E7-911A-4DC7-89D4-86B758684EE0}.Debug|Any CPU.Build.0 = Debug|Any CPU
		{676261E7-911A-4DC7-89D4-86B758684EE0}.Release|Any CPU.ActiveCfg = Release|Any CPU
		{676261E7-911A-4DC7-89D4-86B758684EE0}.Release|Any CPU.Build.0 = Release|Any CPU
	EndGlobalSection
	GlobalSection(SolutionProperties) = preSolution
		HideSolutionNode = FALSE
	EndGlobalSection
	GlobalSection(ExtensibilityGlobals) = postSolution
		SolutionGuid = {DE007E89-0814-436E-91CD-95618F6EDB4E}
	EndGlobalSection
EndGlobal
